
Microsoft Visual Studio Solution File, Format Version 12.00
# Visual Studio Version 17
VisualStudioVersion = 17.0.31919.166
MinimumVisualStudioVersion = 10.0.40219.1
Project("{9A19103F-16F7-4668-BE54-9A1E7A4F7556}") = "VAModul111", "VAModul111\VAModul111.csproj", "{22F48901-41A0-4B19-8EC8-1A1DF575D4C1}"
EndProject
Project("{FAE04EC0-301F-11D3-BF4B-00C04F79EFBC}") = "VAModul112", "VAModul112\VAModul112.csproj", "{5E060613-9E4B-453C-80D9-99C43E30AF17}"
EndProject
Global
	GlobalSection(SolutionConfigurationPlatforms) = preSolution
		Debug|Any CPU = Debug|Any CPU
		Release|Any CPU = Release|Any CPU
	EndGlobalSection
	GlobalSection(ProjectConfigurationPlatforms) = postSolution
		{22F48901-41A0-4B19-8EC8-1A1DF575D4C1}.Debug|Any CPU.ActiveCfg = Debug|Any CPU
		{22F48901-41A0-4B19-8EC8-1A1DF575D4C1}.Debug|Any CPU.Build.0 = Debug|Any CPU
		{22F48901-41A0-4B19-8EC8-1A1DF575D4C1}.Release|Any CPU.ActiveCfg = Release|Any CPU
		{22F48901-41A0-4B19-8EC8-1A1DF575D4C1}.Release|Any CPU.Build.0 = Release|Any CPU
		{5E060613-9E4B-453C-80D9-99C43E30AF17}.Debug|Any CPU.ActiveCfg = Debug|Any CPU
		{5E060613-9E4B-453C-80D9-99C43E30AF17}.Debug|Any CPU.Build.0 = Debug|Any CPU
		{5E060613-9E4B-453C-80D9-99C43E30AF17}.Release|Any CPU.ActiveCfg = Release|Any CPU
		{5E060613-9E4B-453C-80D9-99C43E30AF17}.Release|Any CPU.Build.0 = Release|Any CPU
	EndGlobalSection
	GlobalSection(SolutionProperties) = preSolution
		HideSolutionNode = FALSE
	EndGlobalSection
	GlobalSection(ExtensibilityGlobals) = postSolution
		SolutionGuid = {63386361-8126-41B2-B5B5-EEE0C35E445F}
	EndGlobalSection
EndGlobal
